
Microsoft Visual Studio Solution File, Format Version 12.00
# Visual Studio 2017
Project("{FAE04EC0-301F-11D3-BF4B-00C04F79EFBC}") = "NotSnek", "NotSnek.csproj", "{24F68E98-8192-5C1E-0671-858E7F111479}"
EndProject
Global
	GlobalSection(SolutionConfigurationPlatforms) = preSolution
		Debug|Any CPU = Debug|Any CPU
		Release|Any CPU = Release|Any CPU
	EndGlobalSection
	GlobalSection(ProjectConfigurationPlatforms) = postSolution
		{24F68E98-8192-5C1E-0671-858E7F111479}.Debug|Any CPU.ActiveCfg = Debug|Any CPU
		{24F68E98-8192-5C1E-0671-858E7F111479}.Debug|Any CPU.Build.0 = Debug|Any CPU
		{24F68E98-8192-5C1E-0671-858E7F111479}.Release|Any CPU.ActiveCfg = Release|Any CPU
		{24F68E98-8192-5C1E-0671-858E7F111479}.Release|Any CPU.Build.0 = Release|Any CPU
	EndGlobalSection
	GlobalSection(SolutionProperties) = preSolution
		HideSolutionNode = FALSE
	EndGlobalSection
EndGlobal
